Microsoft Visual Studio Solution File, Format Version 12.00
# Visual Studio 2013
VisualStudioVersion = 12.0.31101.0
MinimumVisualStudioVersion = 10.0.40219.1
Project("{8BC9CEB8-8B4A-11D0-8D11-00A0C91BC942}") = "rdr", "..\rdr\rdrv12.vcxproj", "{F5244002-0FFF-4F19-A941-FCCE1861F132}"
EndProject
Project("{8BC9CEB8-8B4A-11D0-8D11-00A0C91BC942}") = "vncviewer", "vncviewerv12.vcxproj", "{357D07B6-0613-4B05-9D22-1764A49AC945}"
EndProject
Project("{8BC9CEB8-8B4A-11D0-8D11-00A0C91BC942}") = "unz32lib", "..\zipunzip_src\unzip\windll\vc6\lib\unz32libv12.vcxproj", "{F9321962-FBED-4581-BF7D-D0EBC303D891}"
EndProject
Project("{8BC9CEB8-8B4A-11D0-8D11-00A0C91BC942}") = "zip32", "..\zipunzip_src\zip20\windll\visualc\lib\zip32v12.vcxproj", "{E8BA959F-B652-4BAB-9EA7-8E9FC8D7F39C}"
EndProject
Project("{8BC9CEB8-8B4A-11D0-8D11-00A0C91BC942}") = "zlibstat", "..\zlib-1.2.5\contrib\vstudio\vc10\zlibstatv12.vcxproj", "{745DEC58-EBB3-47A9-A9B8-4C6627C01BF8}"
EndProject
Project("{8BC9CEB8-8B4A-11D0-8D11-00A0C91BC942}") = "libjpeg-turbo-win", "..\libjpeg-turbo-win\libjpeg-turbo-winv12.vcxproj", "{04F91FA4-2D94-4803-BA3B-B61FBEF0ABE3}"
EndProject
Project("{8BC9CEB8-8B4A-11D0-8D11-00A0C91BC942}") = "omnithread", "omnithread\omnithreadv12.vcxproj", "{AB1CE62F-4A4D-4DAA-831D-5C93AD68F5F1}"
EndProject
Project("{2150E333-8FDC-42A3-9474-1A3956D46DE8}") = "Servico", "Servico", "{9E4FAC2D-1D99-4ED0-A7AA-1B8284B1BA9A}"
EndProject
Project("{FAE04EC0-301F-11D3-BF4B-00C04F79EFBC}") = "ServicoRemoto", "..\ServicoRemoto\ServicoRemoto.csproj", "{E59169AE-DD45-49FF-BA32-FB6C1EB29A7A}"
EndProject
Project("{FAE04EC0-301F-11D3-BF4B-00C04F79EFBC}") = "Servicos", "Servicos\Servicos.csproj", "{BEF226FF-A146-4BC8-AE2E-43A3271B5C54}"
EndProject
Project("{2150E333-8FDC-42A3-9474-1A3956D46DE8}") = "Suporte", "Suporte", "{853F7CD2-9F5B-4D2C-AFD4-F3EE3BC5C342}"
EndProject
Project("{FAE04EC0-301F-11D3-BF4B-00C04F79EFBC}") = "Suporte SIHL", "..\Suporte SIHL\Suporte SIHL.csproj", "{F849D4CF-EF48-46A6-BD78-4EF599AA2DDD}"
EndProject
Global
	GlobalSection(SolutionConfigurationPlatforms) = preSolution
		ASM Debug|Any CPU = ASM Debug|Any CPU
		ASM Debug|Mixed Platforms = ASM Debug|Mixed Platforms
		ASM Debug|Win32 = ASM Debug|Win32
		ASM Debug|x64 = ASM Debug|x64
		ASM Release|Any CPU = ASM Release|Any CPU
		ASM Release|Mixed Platforms = ASM Release|Mixed Platforms
		ASM Release|Win32 = ASM Release|Win32
		ASM Release|x64 = ASM Release|x64
		Debug|Any CPU = Debug|Any CPU
		Debug|Mixed Platforms = Debug|Mixed Platforms
		Debug|Win32 = Debug|Win32
		Debug|x64 = Debug|x64
		Release|Any CPU = Release|Any CPU
		Release|Mixed Platforms = Release|Mixed Platforms
		Release|Win32 = Release|Win32
		Release|x64 = Release|x64
		ReleaseWithoutAsm|Any CPU = ReleaseWithoutAsm|Any CPU
		ReleaseWithoutAsm|Mixed Platforms = ReleaseWithoutAsm|Mixed Platforms
		ReleaseWithoutAsm|Win32 = ReleaseWithoutAsm|Win32
		ReleaseWithoutAsm|x64 = ReleaseWithoutAsm|x64
	EndGlobalSection
	GlobalSection(ProjectConfigurationPlatforms) = postSolution
		{F5244002-0FFF-4F19-A941-FCCE1861F132}.ASM Debug|Any CPU.ActiveCfg = Debug|Win32
		{F5244002-0FFF-4F19-A941-FCCE1861F132}.ASM Debug|Mixed Platforms.ActiveCfg = Debug|Win32
		{F5244002-0FFF-4F19-A941-FCCE1861F132}.ASM Debug|Mixed Platforms.Build.0 = Debug|Win32
		{F5244002-0FFF-4F19-A941-FCCE1861F132}.ASM Debug|Win32.ActiveCfg = Debug|Win32
		{F5244002-0FFF-4F19-A941-FCCE1861F132}.ASM Debug|Win32.Build.0 = Debug|Win32
		{F5244002-0FFF-4F19-A941-FCCE1861F132}.ASM Debug|x64.ActiveCfg = Debug|x64
		{F5244002-0FFF-4F19-A941-FCCE1861F132}.ASM Debug|x64.Build.0 = Debug|x64
		{F5244002-0FFF-4F19-A941-FCCE1861F132}.ASM Release|Any CPU.ActiveCfg = Release|Win32
		{F5244002-0FFF-4F19-A941-FCCE1861F132}.ASM Release|Mixed Platforms.ActiveCfg = Release|Win32
		{F5244002-0FFF-4F19-A941-FCCE1861F132}.ASM Release|Mixed Platforms.Build.0 = Release|Win32
		{F5244002-0FFF-4F19-A941-FCCE1861F132}.ASM Release|Win32.ActiveCfg = Release|Win32
		{F5244002-0FFF-4F19-A941-FCCE1861F132}.ASM Release|Win32.Build.0 = Release|Win32
		{F5244002-0FFF-4F19-A941-FCCE1861F132}.ASM Release|x64.ActiveCfg = Release|x64
		{F5244002-0FFF-4F19-A941-FCCE1861F132}.ASM Release|x64.Build.0 = Release|x64
		{F5244002-0FFF-4F19-A941-FCCE1861F132}.Debug|Any CPU.ActiveCfg = Debug|Win32
		{F5244002-0FFF-4F19-A941-FCCE1861F132}.Debug|Mixed Platforms.ActiveCfg = Debug|Win32
		{F5244002-0FFF-4F19-A941-FCCE1861F132}.Debug|Mixed Platforms.Build.0 = Debug|Win32
		{F5244002-0FFF-4F19-A941-FCCE1861F132}.Debug|Win32.ActiveCfg = Debug|Win32
		{F5244002-0FFF-4F19-A941-FCCE1861F132}.Debug|Win32.Build.0 = Debug|Win32
		{F5244002-0FFF-4F19-A941-FCCE1861F132}.Debug|x64.ActiveCfg = Debug|x64
		{F5244002-0FFF-4F19-A941-FCCE1861F132}.Debug|x64.Build.0 = Debug|x64
		{F5244002-0FFF-4F19-A941-FCCE1861F132}.Release|Any CPU.ActiveCfg = Release|Win32
		{F5244002-0FFF-4F19-A941-FCCE1861F132}.Release|Mixed Platforms.ActiveCfg = Release|Win32
		{F5244002-0FFF-4F19-A941-FCCE1861F132}.Release|Mixed Platforms.Build.0 = Release|Win32
		{F5244002-0FFF-4F19-A941-FCCE1861F132}.Release|Win32.ActiveCfg = Release|Win32
		{F5244002-0FFF-4F19-A941-FCCE1861F132}.Release|Win32.Build.0 = Release|Win32
		{F5244002-0FFF-4F19-A941-FCCE1861F132}.Release|x64.ActiveCfg = Release|x64
		{F5244002-0FFF-4F19-A941-FCCE1861F132}.Release|x64.Build.0 = Release|x64
		{F5244002-0FFF-4F19-A941-FCCE1861F132}.ReleaseWithoutAsm|Any CPU.ActiveCfg = Release|Win32
		{F5244002-0FFF-4F19-A941-FCCE1861F132}.ReleaseWithoutAsm|Mixed Platforms.ActiveCfg = Release|Win32
		{F5244002-0FFF-4F19-A941-FCCE1861F132}.ReleaseWithoutAsm|Mixed Platforms.Build.0 = Release|Win32
		{F5244002-0FFF-4F19-A941-FCCE1861F132}.ReleaseWithoutAsm|Win32.ActiveCfg = Release|x64
		{F5244002-0FFF-4F19-A941-FCCE1861F132}.ReleaseWithoutAsm|x64.ActiveCfg = Release|x64
		{F5244002-0FFF-4F19-A941-FCCE1861F132}.ReleaseWithoutAsm|x64.Build.0 = Release|x64
		{357D07B6-0613-4B05-9D22-1764A49AC945}.ASM Debug|Any CPU.ActiveCfg = Debug|Win32
		{357D07B6-0613-4B05-9D22-1764A49AC945}.ASM Debug|Mixed Platforms.ActiveCfg = Debug|Win32
		{357D07B6-0613-4B05-9D22-1764A49AC945}.ASM Debug|Mixed Platforms.Build.0 = Debug|Win32
		{357D07B6-0613-4B05-9D22-1764A49AC945}.ASM Debug|Win32.ActiveCfg = Debug|Win32
		{357D07B6-0613-4B05-9D22-1764A49AC945}.ASM Debug|Win32.Build.0 = Debug|Win32
		{357D07B6-0613-4B05-9D22-1764A49AC945}.ASM Debug|x64.ActiveCfg = Debug|x64
		{357D07B6-0613-4B05-9D22-1764A49AC945}.ASM Debug|x64.Build.0 = Debug|x64
		{357D07B6-0613-4B05-9D22-1764A49AC945}.ASM Release|Any CPU.ActiveCfg = Release|Win32
		{357D07B6-0613-4B05-9D22-1764A49AC945}.ASM Release|Mixed Platforms.ActiveCfg = Release|Win32
		{357D07B6-0613-4B05-9D22-1764A49AC945}.ASM Release|Mixed Platforms.Build.0 = Release|Win32
		{357D07B6-0613-4B05-9D22-1764A49AC945}.ASM Release|Win32.ActiveCfg = Release|Win32
		{357D07B6-0613-4B05-9D22-1764A49AC945}.ASM Release|Win32.Build.0 = Release|Win32
		{357D07B6-0613-4B05-9D22-1764A49AC945}.ASM Release|x64.ActiveCfg = Release|x64
		{357D07B6-0613-4B05-9D22-1764A49AC945}.ASM Release|x64.Build.0 = Release|x64
		{357D07B6-0613-4B05-9D22-1764A49AC945}.Debug|Any CPU.ActiveCfg = Debug|Win32
		{357D07B6-0613-4B05-9D22-1764A49AC945}.Debug|Mixed Platforms.ActiveCfg = Debug|Win32
		{357D07B6-0613-4B05-9D22-1764A49AC945}.Debug|Mixed Platforms.Build.0 = Debug|Win32
		{357D07B6-0613-4B05-9D22-1764A49AC945}.Debug|Win32.ActiveCfg = Debug|Win32
		{357D07B6-0613-4B05-9D22-1764A49AC945}.Debug|Win32.Build.0 = Debug|Win32
		{357D07B6-0613-4B05-9D22-1764A49AC945}.Debug|x64.ActiveCfg = Debug|x64
		{357D07B6-0613-4B05-9D22-1764A49AC945}.Debug|x64.Build.0 = Debug|x64
		{357D07B6-0613-4B05-9D22-1764A49AC945}.Release|Any CPU.ActiveCfg = Release|Win32
		{357D07B6-0613-4B05-9D22-1764A49AC945}.Release|Mixed Platforms.ActiveCfg = Release|Win32
		{357D07B6-0613-4B05-9D22-1764A49AC945}.Release|Mixed Platforms.Build.0 = Release|Win32
		{357D07B6-0613-4B05-9D22-1764A49AC945}.Release|Win32.ActiveCfg = Release|Win32
		{357D07B6-0613-4B05-9D22-1764A49AC945}.Release|Win32.Build.0 = Release|Win32
		{357D07B6-0613-4B05-9D22-1764A49AC945}.Release|x64.ActiveCfg = Release|x64
		{357D07B6-0613-4B05-9D22-1764A49AC945}.Release|x64.Build.0 = Release|x64
		{357D07B6-0613-4B05-9D22-1764A49AC945}.ReleaseWithoutAsm|Any CPU.ActiveCfg = Release|Win32
		{357D07B6-0613-4B05-9D22-1764A49AC945}.ReleaseWithoutAsm|Mixed Platforms.ActiveCfg = Release|Win32
		{357D07B6-0613-4B05-9D22-1764A49AC945}.ReleaseWithoutAsm|Mixed Platforms.Build.0 = Release|Win32
		{357D07B6-0613-4B05-9D22-1764A49AC945}.ReleaseWithoutAsm|Win32.ActiveCfg = Release|x64
		{357D07B6-0613-4B05-9D22-1764A49AC945}.ReleaseWithoutAsm|x64.ActiveCfg = Release|x64
		{357D07B6-0613-4B05-9D22-1764A49AC945}.ReleaseWithoutAsm|x64.Build.0 = Release|x64
		{F9321962-FBED-4581-BF7D-D0EBC303D891}.ASM Debug|Any CPU.ActiveCfg = ASM Debug|Win32
		{F9321962-FBED-4581-BF7D-D0EBC303D891}.ASM Debug|Mixed Platforms.ActiveCfg = ASM Debug|Win32
		{F9321962-FBED-4581-BF7D-D0EBC303D891}.ASM Debug|Mixed Platforms.Build.0 = ASM Debug|Win32
		{F9321962-FBED-4581-BF7D-D0EBC303D891}.ASM Debug|Win32.ActiveCfg = ASM Debug|Win32
		{F9321962-FBED-4581-BF7D-D0EBC303D891}.ASM Debug|Win32.Build.0 = ASM Debug|Win32
		{F9321962-FBED-4581-BF7D-D0EBC303D891}.ASM Debug|x64.ActiveCfg = ASM Debug|Win32
		{F9321962-FBED-4581-BF7D-D0EBC303D891}.ASM Release|Any CPU.ActiveCfg = ASM Release|Win32
		{F9321962-FBED-4581-BF7D-D0EBC303D891}.ASM Release|Mixed Platforms.ActiveCfg = ASM Release|Win32
		{F9321962-FBED-4581-BF7D-D0EBC303D891}.ASM Release|Mixed Platforms.Build.0 = ASM Release|Win32
		{F9321962-FBED-4581-BF7D-D0EBC303D891}.ASM Release|Win32.ActiveCfg = ASM Release|Win32
		{F9321962-FBED-4581-BF7D-D0EBC303D891}.ASM Release|Win32.Build.0 = ASM Release|Win32
		{F9321962-FBED-4581-BF7D-D0EBC303D891}.ASM Release|x64.ActiveCfg = ASM Release|Win32
		{F9321962-FBED-4581-BF7D-D0EBC303D891}.Debug|Any CPU.ActiveCfg = Debug|Win32
		{F9321962-FBED-4581-BF7D-D0EBC303D891}.Debug|Mixed Platforms.ActiveCfg = Debug|Win32
		{F9321962-FBED-4581-BF7D-D0EBC303D891}.Debug|Mixed Platforms.Build.0 = Debug|Win32
		{F9321962-FBED-4581-BF7D-D0EBC303D891}.Debug|Win32.ActiveCfg = Debug|Win32
		{F9321962-FBED-4581-BF7D-D0EBC303D891}.Debug|Win32.Build.0 = Debug|Win32
		{F9321962-FBED-4581-BF7D-D0EBC303D891}.Debug|x64.ActiveCfg = Debug|x64
		{F9321962-FBED-4581-BF7D-D0EBC303D891}.Debug|x64.Build.0 = Debug|x64
		{F9321962-FBED-4581-BF7D-D0EBC303D891}.Release|Any CPU.ActiveCfg = Release|Win32
		{F9321962-FBED-4581-BF7D-D0EBC303D891}.Release|Mixed Platforms.ActiveCfg = Release|Win32
		{F9321962-FBED-4581-BF7D-D0EBC303D891}.Release|Mixed Platforms.Build.0 = Release|Win32
		{F9321962-FBED-4581-BF7D-D0EBC303D891}.Release|Win32.ActiveCfg = Release|Win32
		{F9321962-FBED-4581-BF7D-D0EBC303D891}.Release|Win32.Build.0 = Release|Win32
		{F9321962-FBED-4581-BF7D-D0EBC303D891}.Release|x64.ActiveCfg = Release|x64
		{F9321962-FBED-4581-BF7D-D0EBC303D891}.Release|x64.Build.0 = Release|x64
		{F9321962-FBED-4581-BF7D-D0EBC303D891}.ReleaseWithoutAsm|Any CPU.ActiveCfg = Release|Win32
		{F9321962-FBED-4581-BF7D-D0EBC303D891}.ReleaseWithoutAsm|Mixed Platforms.ActiveCfg = Release|Win32
		{F9321962-FBED-4581-BF7D-D0EBC303D891}.ReleaseWithoutAsm|Mixed Platforms.Build.0 = Release|Win32
		{F9321962-FBED-4581-BF7D-D0EBC303D891}.ReleaseWithoutAsm|Win32.ActiveCfg = Release|x64
		{F9321962-FBED-4581-BF7D-D0EBC303D891}.ReleaseWithoutAsm|x64.ActiveCfg = Release|x64
		{F9321962-FBED-4581-BF7D-D0EBC303D891}.ReleaseWithoutAsm|x64.Build.0 = Release|x64
		{E8BA959F-B652-4BAB-9EA7-8E9FC8D7F39C}.ASM Debug|Any CPU.ActiveCfg = Debug|Win32
		{E8BA959F-B652-4BAB-9EA7-8E9FC8D7F39C}.ASM Debug|Mixed Platforms.ActiveCfg = Debug|Win32
		{E8BA959F-B652-4BAB-9EA7-8E9FC8D7F39C}.ASM Debug|Mixed Platforms.Build.0 = Debug|Win32
		{E8BA959F-B652-4BAB-9EA7-8E9FC8D7F39C}.ASM Debug|Win32.ActiveCfg = Debug|Win32
		{E8BA959F-B652-4BAB-9EA7-8E9FC8D7F39C}.ASM Debug|Win32.Build.0 = Debug|Win32
		{E8BA959F-B652-4BAB-9EA7-8E9FC8D7F39C}.ASM Debug|x64.ActiveCfg = Debug|Win32
		{E8BA959F-B652-4BAB-9EA7-8E9FC8D7F39C}.ASM Release|Any CPU.ActiveCfg = Release|Win32
		{E8BA959F-B652-4BAB-9EA7-8E9FC8D7F39C}.ASM Release|Mixed Platforms.ActiveCfg = Release|Win32
		{E8BA959F-B652-4BAB-9EA7-8E9FC8D7F39C}.ASM Release|Mixed Platforms.Build.0 = Release|Win32
		{E8BA959F-B652-4BAB-9EA7-8E9FC8D7F39C}.ASM Release|Win32.ActiveCfg = Release|Win32
		{E8BA959F-B652-4BAB-9EA7-8E9FC8D7F39C}.ASM Release|Win32.Build.0 = Release|Win32
		{E8BA959F-B652-4BAB-9EA7-8E9FC8D7F39C}.ASM Release|x64.ActiveCfg = Release|Win32
		{E8BA959F-B652-4BAB-9EA7-8E9FC8D7F39C}.Debug|Any CPU.ActiveCfg = Debug|Win32
		{E8BA959F-B652-4BAB-9EA7-8E9FC8D7F39C}.Debug|Mixed Platforms.ActiveCfg = Debug|Win32
		{E8BA959F-B652-4BAB-9EA7-8E9FC8D7F39C}.Debug|Mixed Platforms.Build.0 = Debug|Win32
		{E8BA959F-B652-4BAB-9EA7-8E9FC8D7F39C}.Debug|Win32.ActiveCfg = Debug|Win32
		{E8BA959F-B652-4BAB-9EA7-8E9FC8D7F39C}.Debug|Win32.Build.0 = Debug|Win32
		{E8BA959F-B652-4BAB-9EA7-8E9FC8D7F39C}.Debug|x64.ActiveCfg = Debug|x64
		{E8BA959F-B652-4BAB-9EA7-8E9FC8D7F39C}.Debug|x64.Build.0 = Debug|x64
		{E8BA959F-B652-4BAB-9EA7-8E9FC8D7F39C}.Release|Any CPU.ActiveCfg = Release|Win32
		{E8BA959F-B652-4BAB-9EA7-8E9FC8D7F39C}.Release|Mixed Platforms.ActiveCfg = Release|Win32
		{E8BA959F-B652-4BAB-9EA7-8E9FC8D7F39C}.Release|Mixed Platforms.Build.0 = Release|Win32
		{E8BA959F-B652-4BAB-9EA7-8E9FC8D7F39C}.Release|Win32.ActiveCfg = Release|Win32
		{E8BA959F-B652-4BAB-9EA7-8E9FC8D7F39C}.Release|Win32.Build.0 = Release|Win32
		{E8BA959F-B652-4BAB-9EA7-8E9FC8D7F39C}.Release|x64.ActiveCfg = Release|x64
		{E8BA959F-B652-4BAB-9EA7-8E9FC8D7F39C}.Release|x64.Build.0 = Release|x64
		{E8BA959F-B652-4BAB-9EA7-8E9FC8D7F39C}.ReleaseWithoutAsm|Any CPU.ActiveCfg = Release|Win32
		{E8BA959F-B652-4BAB-9EA7-8E9FC8D7F39C}.ReleaseWithoutAsm|Mixed Platforms.ActiveCfg = Release|Win32
		{E8BA959F-B652-4BAB-9EA7-8E9FC8D7F39C}.ReleaseWithoutAsm|Mixed Platforms.Build.0 = Release|Win32
		{E8BA959F-B652-4BAB-9EA7-8E9FC8D7F39C}.ReleaseWithoutAsm|Win32.ActiveCfg = Release|x64
		{E8BA959F-B652-4BAB-9EA7-8E9FC8D7F39C}.ReleaseWithoutAsm|x64.ActiveCfg = Release|x64
		{E8BA959F-B652-4BAB-9EA7-8E9FC8D7F39C}.ReleaseWithoutAsm|x64.Build.0 = Release|x64
		{745DEC58-EBB3-47A9-A9B8-4C6627C01BF8}.ASM Debug|Any CPU.ActiveCfg = Debug|Win32
		{745DEC58-EBB3-47A9-A9B8-4C6627C01BF8}.ASM Debug|Mixed Platforms.ActiveCfg = Debug|Win32
		{745DEC58-EBB3-47A9-A9B8-4C6627C01BF8}.ASM Debug|Mixed Platforms.Build.0 = Debug|Win32
		{745DEC58-EBB3-47A9-A9B8-4C6627C01BF8}.ASM Debug|Win32.ActiveCfg = Debug|Win32
		{745DEC58-EBB3-47A9-A9B8-4C6627C01BF8}.ASM Debug|Win32.Build.0 = Debug|Win32
		{745DEC58-EBB3-47A9-A9B8-4C6627C01BF8}.ASM Debug|x64.ActiveCfg = Debug|x64
		{745DEC58-EBB3-47A9-A9B8-4C6627C01BF8}.ASM Debug|x64.Build.0 = Debug|x64
		{745DEC58-EBB3-47A9-A9B8-4C6627C01BF8}.ASM Release|Any CPU.ActiveCfg = Release|Win32
		{745DEC58-EBB3-47A9-A9B8-4C6627C01BF8}.ASM Release|Mixed Platforms.ActiveCfg = Release|Win32
		{745DEC58-EBB3-47A9-A9B8-4C6627C01BF8}.ASM Release|Mixed Platforms.Build.0 = Release|Win32
		{745DEC58-EBB3-47A9-A9B8-4C6627C01BF8}.ASM Release|Win32.ActiveCfg = Release|Win32
		{745DEC58-EBB3-47A9-A9B8-4C6627C01BF8}.ASM Release|Win32.Build.0 = Release|Win32
		{745DEC58-EBB3-47A9-A9B8-4C6627C01BF8}.ASM Release|x64.ActiveCfg = Release|x64
		{745DEC58-EBB3-47A9-A9B8-4C6627C01BF8}.ASM Release|x64.Build.0 = Release|x64
		{745DEC58-EBB3-47A9-A9B8-4C6627C01BF8}.Debug|Any CPU.ActiveCfg = Debug|Win32
		{745DEC58-EBB3-47A9-A9B8-4C6627C01BF8}.Debug|Mixed Platforms.ActiveCfg = Debug|Win32
		{745DEC58-EBB3-47A9-A9B8-4C6627C01BF8}.Debug|Mixed Platforms.Build.0 = Debug|Win32
		{745DEC58-EBB3-47A9-A9B8-4C6627C01BF8}.Debug|Win32.ActiveCfg = Debug|Win32
		{745DEC58-EBB3-47A9-A9B8-4C6627C01BF8}.Debug|Win32.Build.0 = Debug|Win32
		{745DEC58-EBB3-47A9-A9B8-4C6627C01BF8}.Debug|x64.ActiveCfg = Debug|x64
		{745DEC58-EBB3-47A9-A9B8-4C6627C01BF8}.Debug|x64.Build.0 = Debug|x64
		{745DEC58-EBB3-47A9-A9B8-4C6627C01BF8}.Release|Any CPU.ActiveCfg = Release|Win32
		{745DEC58-EBB3-47A9-A9B8-4C6627C01BF8}.Release|Mixed Platforms.ActiveCfg = Release|Win32
		{745DEC58-EBB3-47A9-A9B8-4C6627C01BF8}.Release|Mixed Platforms.Build.0 = Release|Win32
		{745DEC58-EBB3-47A9-A9B8-4C6627C01BF8}.Release|Win32.ActiveCfg = Release|Win32
		{745DEC58-EBB3-47A9-A9B8-4C6627C01BF8}.Release|Win32.Build.0 = Release|Win32
		{745DEC58-EBB3-47A9-A9B8-4C6627C01BF8}.Release|x64.ActiveCfg = Release|x64
		{745DEC58-EBB3-47A9-A9B8-4C6627C01BF8}.Release|x64.Build.0 = Release|x64
		{745DEC58-EBB3-47A9-A9B8-4C6627C01BF8}.ReleaseWithoutAsm|Any CPU.ActiveCfg = ReleaseWithoutAsm|Win32
		{745DEC58-EBB3-47A9-A9B8-4C6627C01BF8}.ReleaseWithoutAsm|Mixed Platforms.ActiveCfg = ReleaseWithoutAsm|Win32
		{745DEC58-EBB3-47A9-A9B8-4C6627C01BF8}.ReleaseWithoutAsm|Mixed Platforms.Build.0 = ReleaseWithoutAsm|Win32
		{745DEC58-EBB3-47A9-A9B8-4C6627C01BF8}.ReleaseWithoutAsm|Win32.ActiveCfg = ReleaseWithoutAsm|Win32
		{745DEC58-EBB3-47A9-A9B8-4C6627C01BF8}.ReleaseWithoutAsm|Win32.Build.0 = ReleaseWithoutAsm|Win32
		{745DEC58-EBB3-47A9-A9B8-4C6627C01BF8}.ReleaseWithoutAsm|x64.ActiveCfg = ReleaseWithoutAsm|x64
		{745DEC58-EBB3-47A9-A9B8-4C6627C01BF8}.ReleaseWithoutAsm|x64.Build.0 = ReleaseWithoutAsm|x64
		{04F91FA4-2D94-4803-BA3B-B61FBEF0ABE3}.ASM Debug|Any CPU.ActiveCfg = DebugDll|Win32
		{04F91FA4-2D94-4803-BA3B-B61FBEF0ABE3}.ASM Debug|Mixed Platforms.ActiveCfg = DebugDll|Win32
		{04F91FA4-2D94-4803-BA3B-B61FBEF0ABE3}.ASM Debug|Mixed Platforms.Build.0 = DebugDll|Win32
		{04F91FA4-2D94-4803-BA3B-B61FBEF0ABE3}.ASM Debug|Win32.ActiveCfg = DebugDll-Static|Win32
		{04F91FA4-2D94-4803-BA3B-B61FBEF0ABE3}.ASM Debug|Win32.Build.0 = DebugDll-Static|Win32
		{04F91FA4-2D94-4803-BA3B-B61FBEF0ABE3}.ASM Debug|x64.ActiveCfg = DebugDll|x64
		{04F91FA4-2D94-4803-BA3B-B61FBEF0ABE3}.ASM Debug|x64.Build.0 = DebugDll|x64
		{04F91FA4-2D94-4803-BA3B-B61FBEF0ABE3}.ASM Release|Any CPU.ActiveCfg = DebugDll|Win32
		{04F91FA4-2D94-4803-BA3B-B61FBEF0ABE3}.ASM Release|Mixed Platforms.ActiveCfg = DebugDll|Win32
		{04F91FA4-2D94-4803-BA3B-B61FBEF0ABE3}.ASM Release|Mixed Platforms.Build.0 = DebugDll|Win32
		{04F91FA4-2D94-4803-BA3B-B61FBEF0ABE3}.ASM Release|Win32.ActiveCfg = DebugDll-Static|Win32
		{04F91FA4-2D94-4803-BA3B-B61FBEF0ABE3}.ASM Release|Win32.Build.0 = DebugDll-Static|Win32
		{04F91FA4-2D94-4803-BA3B-B61FBEF0ABE3}.ASM Release|x64.ActiveCfg = DebugDll|x64
		{04F91FA4-2D94-4803-BA3B-B61FBEF0ABE3}.ASM Release|x64.Build.0 = DebugDll|x64
		{04F91FA4-2D94-4803-BA3B-B61FBEF0ABE3}.Debug|Any CPU.ActiveCfg = DebugDll|Win32
		{04F91FA4-2D94-4803-BA3B-B61FBEF0ABE3}.Debug|Mixed Platforms.ActiveCfg = DebugDll|Win32
		{04F91FA4-2D94-4803-BA3B-B61FBEF0ABE3}.Debug|Mixed Platforms.Build.0 = DebugDll|Win32
		{04F91FA4-2D94-4803-BA3B-B61FBEF0ABE3}.Debug|Win32.ActiveCfg = DebugLib-Static|Win32
		{04F91FA4-2D94-4803-BA3B-B61FBEF0ABE3}.Debug|Win32.Build.0 = DebugLib-Static|Win32
		{04F91FA4-2D94-4803-BA3B-B61FBEF0ABE3}.Debug|x64.ActiveCfg = DebugLib-Static|x64
		{04F91FA4-2D94-4803-BA3B-B61FBEF0ABE3}.Debug|x64.Build.0 = DebugLib-Static|x64
		{04F91FA4-2D94-4803-BA3B-B61FBEF0ABE3}.Release|Any CPU.ActiveCfg = ReleaseLib|Win32
		{04F91FA4-2D94-4803-BA3B-B61FBEF0ABE3}.Release|Mixed Platforms.ActiveCfg = ReleaseLib|Win32
		{04F91FA4-2D94-4803-BA3B-B61FBEF0ABE3}.Release|Mixed Platforms.Build.0 = ReleaseLib|Win32
		{04F91FA4-2D94-4803-BA3B-B61FBEF0ABE3}.Release|Win32.ActiveCfg = ReleaseLib-Static|Win32
		{04F91FA4-2D94-4803-BA3B-B61FBEF0ABE3}.Release|Win32.Build.0 = ReleaseLib-Static|Win32
		{04F91FA4-2D94-4803-BA3B-B61FBEF0ABE3}.Release|x64.ActiveCfg = ReleaseLib-Static|x64
		{04F91FA4-2D94-4803-BA3B-B61FBEF0ABE3}.Release|x64.Build.0 = ReleaseLib-Static|x64
		{04F91FA4-2D94-4803-BA3B-B61FBEF0ABE3}.ReleaseWithoutAsm|Any CPU.ActiveCfg = ReleaseLib|Win32
		{04F91FA4-2D94-4803-BA3B-B61FBEF0ABE3}.ReleaseWithoutAsm|Mixed Platforms.ActiveCfg = ReleaseLib|Win32
		{04F91FA4-2D94-4803-BA3B-B61FBEF0ABE3}.ReleaseWithoutAsm|Mixed Platforms.Build.0 = ReleaseLib|Win32
		{04F91FA4-2D94-4803-BA3B-B61FBEF0ABE3}.ReleaseWithoutAsm|Win32.ActiveCfg = ReleaseDll-Static|Win32
		{04F91FA4-2D94-4803-BA3B-B61FBEF0ABE3}.ReleaseWithoutAsm|Win32.Build.0 = ReleaseDll-Static|Win32
		{04F91FA4-2D94-4803-BA3B-B61FBEF0ABE3}.ReleaseWithoutAsm|x64.ActiveCfg = ReleaseDll-Static|x64
		{04F91FA4-2D94-4803-BA3B-B61FBEF0ABE3}.ReleaseWithoutAsm|x64.Build.0 = ReleaseDll-Static|x64
		{AB1CE62F-4A4D-4DAA-831D-5C93AD68F5F1}.ASM Debug|Any CPU.ActiveCfg = Debug|Win32
		{AB1CE62F-4A4D-4DAA-831D-5C93AD68F5F1}.ASM Debug|Mixed Platforms.ActiveCfg = Debug|Win32
		{AB1CE62F-4A4D-4DAA-831D-5C93AD68F5F1}.ASM Debug|Mixed Platforms.Build.0 = Debug|Win32
		{AB1CE62F-4A4D-4DAA-831D-5C93AD68F5F1}.ASM Debug|Win32.ActiveCfg = Debug|Win32
		{AB1CE62F-4A4D-4DAA-831D-5C93AD68F5F1}.ASM Debug|Win32.Build.0 = Debug|Win32
		{AB1CE62F-4A4D-4DAA-831D-5C93AD68F5F1}.ASM Debug|x64.ActiveCfg = Debug|x64
		{AB1CE62F-4A4D-4DAA-831D-5C93AD68F5F1}.ASM Debug|x64.Build.0 = Debug|x64
		{AB1CE62F-4A4D-4DAA-831D-5C93AD68F5F1}.ASM Release|Any CPU.ActiveCfg = Release|Win32
		{AB1CE62F-4A4D-4DAA-831D-5C93AD68F5F1}.ASM Release|Mixed Platforms.ActiveCfg = Release|Win32
		{AB1CE62F-4A4D-4DAA-831D-5C93AD68F5F1}.ASM Release|Mixed Platforms.Build.0 = Release|Win32
		{AB1CE62F-4A4D-4DAA-831D-5C93AD68F5F1}.ASM Release|Win32.ActiveCfg = Release|Win32
		{AB1CE62F-4A4D-4DAA-831D-5C93AD68F5F1}.ASM Release|Win32.Build.0 = Release|Win32
		{AB1CE62F-4A4D-4DAA-831D-5C93AD68F5F1}.ASM Release|x64.ActiveCfg = Release|x64
		{AB1CE62F-4A4D-4DAA-831D-5C93AD68F5F1}.ASM Release|x64.Build.0 = Release|x64
		{AB1CE62F-4A4D-4DAA-831D-5C93AD68F5F1}.Debug|Any CPU.ActiveCfg = Debug|Win32
		{AB1CE62F-4A4D-4DAA-831D-5C93AD68F5F1}.Debug|Mixed Platforms.ActiveCfg = Debug|Win32
		{AB1CE62F-4A4D-4DAA-831D-5C93AD68F5F1}.Debug|Mixed Platforms.Build.0 = Debug|Win32
		{AB1CE62F-4A4D-4DAA-831D-5C93AD68F5F1}.Debug|Win32.ActiveCfg = Debug|Win32
		{AB1CE62F-4A4D-4DAA-831D-5C93AD68F5F1}.Debug|Win32.Build.0 = Debug|Win32
		{AB1CE62F-4A4D-4DAA-831D-5C93AD68F5F1}.Debug|x64.ActiveCfg = Debug|x64
		{AB1CE62F-4A4D-4DAA-831D-5C93AD68F5F1}.Debug|x64.Build.0 = Debug|x64
		{AB1CE62F-4A4D-4DAA-831D-5C93AD68F5F1}.Release|Any CPU.ActiveCfg = Release|Win32
		{AB1CE62F-4A4D-4DAA-831D-5C93AD68F5F1}.Release|Mixed Platforms.ActiveCfg = Release|Win32
		{AB1CE62F-4A4D-4DAA-831D-5C93AD68F5F1}.Release|Mixed Platforms.Build.0 = Release|Win32
		{AB1CE62F-4A4D-4DAA-831D-5C93AD68F5F1}.Release|Win32.ActiveCfg = Release|Win32
		{AB1CE62F-4A4D-4DAA-831D-5C93AD68F5F1}.Release|Win32.Build.0 = Release|Win32
		{AB1CE62F-4A4D-4DAA-831D-5C93AD68F5F1}.Release|x64.ActiveCfg = Release|x64
		{AB1CE62F-4A4D-4DAA-831D-5C93AD68F5F1}.Release|x64.Build.0 = Release|x64
		{AB1CE62F-4A4D-4DAA-831D-5C93AD68F5F1}.ReleaseWithoutAsm|Any CPU.ActiveCfg = Release|Win32
		{AB1CE62F-4A4D-4DAA-831D-5C93AD68F5F1}.ReleaseWithoutAsm|Mixed Platforms.ActiveCfg = Release|Win32
		{AB1CE62F-4A4D-4DAA-831D-5C93AD68F5F1}.ReleaseWithoutAsm|Mixed Platforms.Build.0 = Release|Win32
		{AB1CE62F-4A4D-4DAA-831D-5C93AD68F5F1}.ReleaseWithoutAsm|Win32.ActiveCfg = Release|x64
		{AB1CE62F-4A4D-4DAA-831D-5C93AD68F5F1}.ReleaseWithoutAsm|x64.ActiveCfg = Release|x64
		{AB1CE62F-4A4D-4DAA-831D-5C93AD68F5F1}.ReleaseWithoutAsm|x64.Build.0 = Release|x64
		{E59169AE-DD45-49FF-BA32-FB6C1EB29A7A}.ASM Debug|Any CPU.ActiveCfg = Debug|Any CPU
		{E59169AE-DD45-49FF-BA32-FB6C1EB29A7A}.ASM Debug|Any CPU.Build.0 = Debug|Any CPU
		{E59169AE-DD45-49FF-BA32-FB6C1EB29A7A}.ASM Debug|Mixed Platforms.ActiveCfg = Debug|Any CPU
		{E59169AE-DD45-49FF-BA32-FB6C1EB29A7A}.ASM Debug|Mixed Platforms.Build.0 = Debug|Any CPU
		{E59169AE-DD45-49FF-BA32-FB6C1EB29A7A}.ASM Debug|Win32.ActiveCfg = Debug|Any CPU
		{E59169AE-DD45-49FF-BA32-FB6C1EB29A7A}.ASM Debug|x64.ActiveCfg = Debug|Any CPU
		{E59169AE-DD45-49FF-BA32-FB6C1EB29A7A}.ASM Release|Any CPU.ActiveCfg = Release|Any CPU
		{E59169AE-DD45-49FF-BA32-FB6C1EB29A7A}.ASM Release|Any CPU.Build.0 = Release|Any CPU
		{E59169AE-DD45-49FF-BA32-FB6C1EB29A7A}.ASM Release|Mixed Platforms.ActiveCfg = Release|Any CPU
		{E59169AE-DD45-49FF-BA32-FB6C1EB29A7A}.ASM Release|Mixed Platforms.Build.0 = Release|Any CPU
		{E59169AE-DD45-49FF-BA32-FB6C1EB29A7A}.ASM Release|Win32.ActiveCfg = Release|Any CPU
		{E59169AE-DD45-49FF-BA32-FB6C1EB29A7A}.ASM Release|x64.ActiveCfg = Release|Any CPU
		{E59169AE-DD45-49FF-BA32-FB6C1EB29A7A}.Debug|Any CPU.ActiveCfg = Debug|Any CPU
		{E59169AE-DD45-49FF-BA32-FB6C1EB29A7A}.Debug|Any CPU.Build.0 = Debug|Any CPU
		{E59169AE-DD45-49FF-BA32-FB6C1EB29A7A}.Debug|Mixed Platforms.ActiveCfg = Debug|Any CPU
		{E59169AE-DD45-49FF-BA32-FB6C1EB29A7A}.Debug|Mixed Platforms.Build.0 = Debug|Any CPU
		{E59169AE-DD45-49FF-BA32-FB6C1EB29A7A}.Debug|Win32.ActiveCfg = Debug|Any CPU
		{E59169AE-DD45-49FF-BA32-FB6C1EB29A7A}.Debug|x64.ActiveCfg = Debug|Any CPU
		{E59169AE-DD45-49FF-BA32-FB6C1EB29A7A}.Release|Any CPU.ActiveCfg = Release|Any CPU
		{E59169AE-DD45-49FF-BA32-FB6C1EB29A7A}.Release|Any CPU.Build.0 = Release|Any CPU
		{E59169AE-DD45-49FF-BA32-FB6C1EB29A7A}.Release|Mixed Platforms.ActiveCfg = Release|Any CPU
		{E59169AE-DD45-49FF-BA32-FB6C1EB29A7A}.Release|Mixed Platforms.Build.0 = Release|Any CPU
		{E59169AE-DD45-49FF-BA32-FB6C1EB29A7A}.Release|Win32.ActiveCfg = Release|Any CPU
		{E59169AE-DD45-49FF-BA32-FB6C1EB29A7A}.Release|x64.ActiveCfg = Release|Any CPU
		{E59169AE-DD45-49FF-BA32-FB6C1EB29A7A}.ReleaseWithoutAsm|Any CPU.ActiveCfg = Release|Any CPU
		{E59169AE-DD45-49FF-BA32-FB6C1EB29A7A}.ReleaseWithoutAsm|Any CPU.Build.0 = Release|Any CPU
		{E59169AE-DD45-49FF-BA32-FB6C1EB29A7A}.ReleaseWithoutAsm|Mixed Platforms.ActiveCfg = Release|Any CPU
		{E59169AE-DD45-49FF-BA32-FB6C1EB29A7A}.ReleaseWithoutAsm|Mixed Platforms.Build.0 = Release|Any CPU
		{E59169AE-DD45-49FF-BA32-FB6C1EB29A7A}.ReleaseWithoutAsm|Win32.ActiveCfg = Release|Any CPU
		{E59169AE-DD45-49FF-BA32-FB6C1EB29A7A}.ReleaseWithoutAsm|x64.ActiveCfg = Release|Any CPU
		{BEF226FF-A146-4BC8-AE2E-43A3271B5C54}.ASM Debug|Any CPU.ActiveCfg = Debug|Any CPU
		{BEF226FF-A146-4BC8-AE2E-43A3271B5C54}.ASM Debug|Any CPU.Build.0 = Debug|Any CPU
		{BEF226FF-A146-4BC8-AE2E-43A3271B5C54}.ASM Debug|Mixed Platforms.ActiveCfg = Debug|Any CPU
		{BEF226FF-A146-4BC8-AE2E-43A3271B5C54}.ASM Debug|Mixed Platforms.Build.0 = Debug|Any CPU
		{BEF226FF-A146-4BC8-AE2E-43A3271B5C54}.ASM Debug|Win32.ActiveCfg = Debug|Any CPU
		{BEF226FF-A146-4BC8-AE2E-43A3271B5C54}.ASM Debug|x64.ActiveCfg = Debug|Any CPU
		{BEF226FF-A146-4BC8-AE2E-43A3271B5C54}.ASM Release|Any CPU.ActiveCfg = Release|Any CPU
		{BEF226FF-A146-4BC8-AE2E-43A3271B5C54}.ASM Release|Any CPU.Build.0 = Release|Any CPU
		{BEF226FF-A146-4BC8-AE2E-43A3271B5C54}.ASM Release|Mixed Platforms.ActiveCfg = Release|Any CPU
		{BEF226FF-A146-4BC8-AE2E-43A3271B5C54}.ASM Release|Mixed Platforms.Build.0 = Release|Any CPU
		{BEF226FF-A146-4BC8-AE2E-43A3271B5C54}.ASM Release|Win32.ActiveCfg = Release|Any CPU
		{BEF226FF-A146-4BC8-AE2E-43A3271B5C54}.ASM Release|x64.ActiveCfg = Release|Any CPU
		{BEF226FF-A146-4BC8-AE2E-43A3271B5C54}.Debug|Any CPU.ActiveCfg = Debug|Any CPU
		{BEF226FF-A146-4BC8-AE2E-43A3271B5C54}.Debug|Any CPU.Build.0 = Debug|Any CPU
		{BEF226FF-A146-4BC8-AE2E-43A3271B5C54}.Debug|Mixed Platforms.ActiveCfg = Debug|Any CPU
		{BEF226FF-A146-4BC8-AE2E-43A3271B5C54}.Debug|Mixed Platforms.Build.0 = Debug|Any CPU
		{BEF226FF-A146-4BC8-AE2E-43A3271B5C54}.Debug|Win32.ActiveCfg = Debug|Any CPU
		{BEF226FF-A146-4BC8-AE2E-43A3271B5C54}.Debug|x64.ActiveCfg = Debug|Any CPU
		{BEF226FF-A146-4BC8-AE2E-43A3271B5C54}.Release|Any CPU.ActiveCfg = Release|Any CPU
		{BEF226FF-A146-4BC8-AE2E-43A3271B5C54}.Release|Any CPU.Build.0 = Release|Any CPU
		{BEF226FF-A146-4BC8-AE2E-43A3271B5C54}.Release|Mixed Platforms.ActiveCfg = Release|Any CPU
		{BEF226FF-A146-4BC8-AE2E-43A3271B5C54}.Release|Mixed Platforms.Build.0 = Release|Any CPU
		{BEF226FF-A146-4BC8-AE2E-43A3271B5C54}.Release|Win32.ActiveCfg = Release|Any CPU
		{BEF226FF-A146-4BC8-AE2E-43A3271B5C54}.Release|x64.ActiveCfg = Release|Any CPU
		{BEF226FF-A146-4BC8-AE2E-43A3271B5C54}.ReleaseWithoutAsm|Any CPU.ActiveCfg = Release|Any CPU
		{BEF226FF-A146-4BC8-AE2E-43A3271B5C54}.ReleaseWithoutAsm|Any CPU.Build.0 = Release|Any CPU
		{BEF226FF-A146-4BC8-AE2E-43A3271B5C54}.ReleaseWithoutAsm|Mixed Platforms.ActiveCfg = Release|Any CPU
		{BEF226FF-A146-4BC8-AE2E-43A3271B5C54}.ReleaseWithoutAsm|Mixed Platforms.Build.0 = Release|Any CPU
		{BEF226FF-A146-4BC8-AE2E-43A3271B5C54}.ReleaseWithoutAsm|Win32.ActiveCfg = Release|Any CPU
		{BEF226FF-A146-4BC8-AE2E-43A3271B5C54}.ReleaseWithoutAsm|x64.ActiveCfg = Release|Any CPU
		{F849D4CF-EF48-46A6-BD78-4EF599AA2DDD}.ASM Debug|Any CPU.ActiveCfg = Debug|Any CPU
		{F849D4CF-EF48-46A6-BD78-4EF599AA2DDD}.ASM Debug|Any CPU.Build.0 = Debug|Any CPU
		{F849D4CF-EF48-46A6-BD78-4EF599AA2DDD}.ASM Debug|Mixed Platforms.ActiveCfg = Debug|Any CPU
		{F849D4CF-EF48-46A6-BD78-4EF599AA2DDD}.ASM Debug|Mixed Platforms.Build.0 = Debug|Any CPU
		{F849D4CF-EF48-46A6-BD78-4EF599AA2DDD}.ASM Debug|Win32.ActiveCfg = Debug|Any CPU
		{F849D4CF-EF48-46A6-BD78-4EF599AA2DDD}.ASM Debug|x64.ActiveCfg = Debug|Any CPU
		{F849D4CF-EF48-46A6-BD78-4EF599AA2DDD}.ASM Release|Any CPU.ActiveCfg = Release|Any CPU
		{F849D4CF-EF48-46A6-BD78-4EF599AA2DDD}.ASM Release|Any CPU.Build.0 = Release|Any CPU
		{F849D4CF-EF48-46A6-BD78-4EF599AA2DDD}.ASM Release|Mixed Platforms.ActiveCfg = Release|Any CPU
		{F849D4CF-EF48-46A6-BD78-4EF599AA2DDD}.ASM Release|Mixed Platforms.Build.0 = Release|Any CPU
		{F849D4CF-EF48-46A6-BD78-4EF599AA2DDD}.ASM Release|Win32.ActiveCfg = Release|Any CPU
		{F849D4CF-EF48-46A6-BD78-4EF599AA2DDD}.ASM Release|x64.ActiveCfg = Release|Any CPU
		{F849D4CF-EF48-46A6-BD78-4EF599AA2DDD}.Debug|Any CPU.ActiveCfg = Debug|Any CPU
		{F849D4CF-EF48-46A6-BD78-4EF599AA2DDD}.Debug|Any CPU.Build.0 = Debug|Any CPU
		{F849D4CF-EF48-46A6-BD78-4EF599AA2DDD}.Debug|Mixed Platforms.ActiveCfg = Debug|Any CPU
		{F849D4CF-EF48-46A6-BD78-4EF599AA2DDD}.Debug|Mixed Platforms.Build.0 = Debug|Any CPU
		{F849D4CF-EF48-46A6-BD78-4EF599AA2DDD}.Debug|Win32.ActiveCfg = Debug|Any CPU
		{F849D4CF-EF48-46A6-BD78-4EF599AA2DDD}.Debug|x64.ActiveCfg = Debug|Any CPU
		{F849D4CF-EF48-46A6-BD78-4EF599AA2DDD}.Release|Any CPU.ActiveCfg = Release|Any CPU
		{F849D4CF-EF48-46A6-BD78-4EF599AA2DDD}.Release|Any CPU.Build.0 = Release|Any CPU
		{F849D4CF-EF48-46A6-BD78-4EF599AA2DDD}.Release|Mixed Platforms.ActiveCfg = Release|Any CPU
		{F849D4CF-EF48-46A6-BD78-4EF599AA2DDD}.Release|Mixed Platforms.Build.0 = Release|Any CPU
		{F849D4CF-EF48-46A6-BD78-4EF599AA2DDD}.Release|Win32.ActiveCfg = Release|Any CPU
		{F849D4CF-EF48-46A6-BD78-4EF599AA2DDD}.Release|x64.ActiveCfg = Release|Any CPU
		{F849D4CF-EF48-46A6-BD78-4EF599AA2DDD}.ReleaseWithoutAsm|Any CPU.ActiveCfg = Release|Any CPU
		{F849D4CF-EF48-46A6-BD78-4EF599AA2DDD}.ReleaseWithoutAsm|Any CPU.Build.0 = Release|Any CPU
		{F849D4CF-EF48-46A6-BD78-4EF599AA2DDD}.ReleaseWithoutAsm|Mixed Platforms.ActiveCfg = Release|Any CPU
		{F849D4CF-EF48-46A6-BD78-4EF599AA2DDD}.ReleaseWithoutAsm|Mixed Platforms.Build.0 = Release|Any CPU
		{F849D4CF-EF48-46A6-BD78-4EF599AA2DDD}.ReleaseWithoutAsm|Win32.ActiveCfg = Release|Any CPU
		{F849D4CF-EF48-46A6-BD78-4EF599AA2DDD}.ReleaseWithoutAsm|x64.ActiveCfg = Release|Any CPU
	EndGlobalSection
	GlobalSection(SolutionProperties) = preSolution
		HideSolutionNode = FALSE
	EndGlobalSection
	GlobalSection(NestedProjects) = preSolution
		{E59169AE-DD45-49FF-BA32-FB6C1EB29A7A} = {9E4FAC2D-1D99-4ED0-A7AA-1B8284B1BA9A}
		{BEF226FF-A146-4BC8-AE2E-43A3271B5C54} = {9E4FAC2D-1D99-4ED0-A7AA-1B8284B1BA9A}
		{F849D4CF-EF48-46A6-BD78-4EF599AA2DDD} = {853F7CD2-9F5B-4D2C-AFD4-F3EE3BC5C342}
	EndGlobalSection
EndGlobal
